
Microsoft Visual Studio Solution File, Format Version 12.00
# Visual Studio 14
VisualStudioVersion = 14.0.23107.0
MinimumVisualStudioVersion = 10.0.40219.1
Project("{2150E333-8FDC-42A3-9474-1A3956D46DE8}") = "src", "src", "{CC834201-22D9-4294-B850-874F1893BBD1}"
EndProject
Project("{2150E333-8FDC-42A3-9474-1A3956D46DE8}") = "Solution Items", "Solution Items", "{A401F670-7FFD-4BA6-8763-8567CF65EA06}"
	ProjectSection(SolutionItems) = preProject
		global.json = global.json
	EndProjectSection
EndProject
Project("{8BB2217D-0F2D-49D1-97BC-3654ED321F3B}") = "PatchManager", "src\PatchManager\PatchManager.xproj", "{DFF7963C-4481-40E1-958A-4738A30DA7DC}"
EndProject
Project("{FAE04EC0-301F-11D3-BF4B-00C04F79EFBC}") = "PatchManager.Services", "PatchManager.Services\PatchManager.Services.csproj", "{65C87F28-61D6-47A7-92EE-2B3AF4AF1DBE}"
EndProject
Project("{FAE04EC0-301F-11D3-BF4B-00C04F79EFBC}") = "PatchManager.Model", "PatchManager.Model\PatchManager.Model.csproj", "{BE10762F-F027-4A89-A114-FA9C4564CE01}"
EndProject
Project("{FAE04EC0-301F-11D3-BF4B-00C04F79EFBC}") = "PatchManager.Services.Tests", "PatchManager.Services.Tests\PatchManager.Services.Tests.csproj", "{85BED96F-249E-4EDA-8322-15E201900635}"
EndProject
Global
	GlobalSection(SolutionConfigurationPlatforms) = preSolution
		Debug|Any CPU = Debug|Any CPU
		Release|Any CPU = Release|Any CPU
	EndGlobalSection
	GlobalSection(ProjectConfigurationPlatforms) = postSolution
		{DFF7963C-4481-40E1-958A-4738A30DA7DC}.Debug|Any CPU.ActiveCfg = Debug|Any CPU
		{DFF7963C-4481-40E1-958A-4738A30DA7DC}.Debug|Any CPU.Build.0 = Debug|Any CPU
		{DFF7963C-4481-40E1-958A-4738A30DA7DC}.Release|Any CPU.ActiveCfg = Release|Any CPU
		{DFF7963C-4481-40E1-958A-4738A30DA7DC}.Release|Any CPU.Build.0 = Release|Any CPU
		{65C87F28-61D6-47A7-92EE-2B3AF4AF1DBE}.Debug|Any CPU.ActiveCfg = Debug|Any CPU
		{65C87F28-61D6-47A7-92EE-2B3AF4AF1DBE}.Debug|Any CPU.Build.0 = Debug|Any CPU
		{65C87F28-61D6-47A7-92EE-2B3AF4AF1DBE}.Release|Any CPU.ActiveCfg = Release|Any CPU
		{65C87F28-61D6-47A7-92EE-2B3AF4AF1DBE}.Release|Any CPU.Build.0 = Release|Any CPU
		{BE10762F-F027-4A89-A114-FA9C4564CE01}.Debug|Any CPU.ActiveCfg = Debug|Any CPU
		{BE10762F-F027-4A89-A114-FA9C4564CE01}.Debug|Any CPU.Build.0 = Debug|Any CPU
		{BE10762F-F027-4A89-A114-FA9C4564CE01}.Release|Any CPU.ActiveCfg = Release|Any CPU
		{BE10762F-F027-4A89-A114-FA9C4564CE01}.Release|Any CPU.Build.0 = Release|Any CPU
		{85BED96F-249E-4EDA-8322-15E201900635}.Debug|Any CPU.ActiveCfg = Debug|Any CPU
		{85BED96F-249E-4EDA-8322-15E201900635}.Debug|Any CPU.Build.0 = Debug|Any CPU
		{85BED96F-249E-4EDA-8322-15E201900635}.Release|Any CPU.ActiveCfg = Release|Any CPU
		{85BED96F-249E-4EDA-8322-15E201900635}.Release|Any CPU.Build.0 = Release|Any CPU
	EndGlobalSection
	GlobalSection(SolutionProperties) = preSolution
		HideSolutionNode = FALSE
	EndGlobalSection
	GlobalSection(NestedProjects) = preSolution
		{DFF7963C-4481-40E1-958A-4738A30DA7DC} = {CC834201-22D9-4294-B850-874F1893BBD1}
		{65C87F28-61D6-47A7-92EE-2B3AF4AF1DBE} = {CC834201-22D9-4294-B850-874F1893BBD1}
		{BE10762F-F027-4A89-A114-FA9C4564CE01} = {CC834201-22D9-4294-B850-874F1893BBD1}
		{85BED96F-249E-4EDA-8322-15E201900635} = {CC834201-22D9-4294-B850-874F1893BBD1}
	EndGlobalSection
EndGlobal
